PODS:
  - Alamofire (5.6.4)
  - CocoaMQTT (2.1.6):
    - CocoaMQTT/Core (= 2.1.6)
  - CocoaMQTT/Core (2.1.6):
    - MqttCocoaAsyncSocket (~> 1.0.8)
  - FLAnimatedImage (1.0.16)
  - Giphy (2.1.20):
    - libwebp
  - JitsiMeetSDK (8.4.0):
    - Giphy (= 2.1.20)
    - JitsiWebRTC (~> 111.0)
  - JitsiWebRTC (111.0.2)
  - KeychainAccess (4.2.2)
  - KYDrawerController (2.1.0)
  - libwebp (1.3.2):
    - libwebp/demux (= 1.3.2)
    - libwebp/mux (= 1.3.2)
    - libwebp/sharpyuv (= 1.3.2)
    - libwebp/webp (= 1.3.2)
  - libwebp/demux (1.3.2):
    - libwebp/webp
  - libwebp/mux (1.3.2):
    - libwebp/demux
  - libwebp/sharpyuv (1.3.2)
  - libwebp/webp (1.3.2):
    - libwebp/sharpyuv
  - lottie-ios (3.2.3)
  - MarqueeLabel (4.3.0)
  - MessagePack.swift (4.0.0)
  - MqttCocoaAsyncSocket (1.0.8)
  - ObjectMapper (4.2.0)
  - PINCache (3.0.3):
    - PINCache/Arc-exception-safe (= 3.0.3)
    - PINCache/Core (= 3.0.3)
  - PINCache/Arc-exception-safe (3.0.3):
    - PINCache/Core
  - PINCache/Core (3.0.3):
    - PINOperation (~> 1.2.1)
  - PINOperation (1.2.2)
  - ReachabilitySwift (5.0.0)
  - RNCryptor (5.1.0)
  - SDWebImage (5.12.5):
    - SDWebImage/Core (= 5.12.5)
  - SDWebImage/Core (5.12.5)
  - SDWebImageFLPlugin (0.5.0):
    - FLAnimatedImage (>= 1.0.11)
    - SDWebImage/Core (~> 5.10)
  - SDWebImageSVGCoder (1.5.2):
    - SDWebImage/Core (~> 5.6)
  - Starscream (3.1.1)
  - SwiftLinkPreview (3.4.0)
  - SwiftyJSON (4.3.0)
  - SwiftyRSA (1.6.0):
    - SwiftyRSA/ObjC (= 1.6.0)
  - SwiftyRSA/ObjC (1.6.0)
  - SwiftyXMLParser (5.5.0)
  - Tor (405.8.1)
  - UIView-Shimmer (1.0.4)
  - youtube-ios-player-helper (1.0.3)

DEPENDENCIES:
  - Alamofire (~> 5.6.4)
  - CocoaMQTT (from `https://github.com/emqx/CocoaMQTT.git`)
  - Giphy (= 2.1.20)
  - JitsiMeetSDK (~> 8.4.0)
  - KeychainAccess
  - KYDrawerController
  - lottie-ios
  - MarqueeLabel
  - MessagePack.swift (~> 4.0)
  - ObjectMapper
  - PINCache
  - ReachabilitySwift
  - RNCryptor (~> 5.0)
  - SDWebImage (~> 5.12)
  - SDWebImageFLPlugin
  - SDWebImageSVGCoder (~> 1.5.0)
  - Starscream (~> 3.1)
  - SwiftLinkPreview (~> 3.4.0)
  - SwiftyJSON
  - SwiftyRSA
  - SwiftyXMLParser (from `https://github.com/yahoojapan/SwiftyXMLParser.git`)
  - Tor (from `https://raw.githubusercontent.com/iCepa/Tor.framework/v405.8.1/Tor.podspec`)
  - UIView-Shimmer (~> 1.0)
  - youtube-ios-player-helper (~> 1.0.3)

SPEC REPOS:
  trunk:
    - Alamofire
    - FLAnimatedImage
    - Giphy
    - JitsiMeetSDK
    - JitsiWebRTC
    - KeychainAccess
    - KYDrawerController
    - libwebp
    - lottie-ios
    - MarqueeLabel
    - MessagePack.swift
    - MqttCocoaAsyncSocket
    - ObjectMapper
    - PINCache
    - PINOperation
    - ReachabilitySwift
    - RNCryptor
    - SDWebImage
    - SDWebImageFLPlugin
    - SDWebImageSVGCoder
    - Starscream
    - SwiftLinkPreview
    - SwiftyJSON
    - SwiftyRSA
    - UIView-Shimmer
    - youtube-ios-player-helper

EXTERNAL SOURCES:
  CocoaMQTT:
    :git: https://github.com/emqx/CocoaMQTT.git
  SwiftyXMLParser:
    :git: https://github.com/yahoojapan/SwiftyXMLParser.git
  Tor:
    :podspec: https://raw.githubusercontent.com/iCepa/Tor.framework/v405.8.1/Tor.podspec

CHECKOUT OPTIONS:
  CocoaMQTT:
    :commit: 990303d3549d4284fadd6c83ff8480e6ab0b4d42
    :git: https://github.com/emqx/CocoaMQTT.git
  SwiftyXMLParser:
    :commit: 41900bb1882e704a25d4946f2dbad71b4bb02b8f
    :git: https://github.com/yahoojapan/SwiftyXMLParser.git

SPEC CHECKSUMS:
  Alamofire: 4e95d97098eacb88856099c4fc79b526a299e48c
  CocoaMQTT: 1f206228b29318eabdacad0c2e4e88575922c27a
  FLAnimatedImage: 8f3e854ebf9680b71f0b6e700939687fc4d82b4b
  Giphy: b6d5087521d251bb8c99cdc0eb07bbdf86d142d5
  JitsiMeetSDK: cb94e522af5cb96b7551dcbb4e8e3592dd215596
  JitsiWebRTC: 80f62908fcf2a1160e0d14b584323fb6e6be630b
  KeychainAccess: c0c4f7f38f6fc7bbe58f5702e25f7bd2f65abf51
  KYDrawerController: baad0e63b09c0cb564bd48f0f7f70f45d9176ebc
  libwebp: 1786c9f4ff8a279e4dac1e8f385004d5fc253009
  lottie-ios: c058aeafa76daa4cf64d773554bccc8385d0150e
  MarqueeLabel: 02f5ac8fd6877c94564556cb93fa86c70c08baeb
  MessagePack.swift: 417f6b6e27a86ad4f19a0ee47093b3985cd77323
  MqttCocoaAsyncSocket: 77d3b74f76228dd5a05d1f9526eab101d415b30c
  ObjectMapper: 1eb41f610210777375fa806bf161dc39fb832b81
  PINCache: 7a8fc1a691173d21dbddbf86cd515de6efa55086
  PINOperation: daa34d4aa1d8449089be7d405b9d974abc4724c6
  ReachabilitySwift: 985039c6f7b23a1da463388634119492ff86c825
  RNCryptor: a369134686cd2ad391323cc856b62e591193ba79
  SDWebImage: 0905f1b7760fc8ac4198cae0036600d67478751e
  SDWebImageFLPlugin: 245c7ce1e77028b6ef415240847b3f8aa4b106b7
  SDWebImageSVGCoder: b0258f66521c222aba5c13ab29bdf35520d5d536
  Starscream: 4bb2f9942274833f7b4d296a55504dcfc7edb7b0
  SwiftLinkPreview: c1bc5b2cb3cd42f2865137c1a61f5d788dcf5c9c
  SwiftyJSON: 6faa0040f8b59dead0ee07436cbf76b73c08fd08
  SwiftyRSA: 3b9c9179744217951facc6a3e9ae8d8c97061ffa
  SwiftyXMLParser: 027d9e6fb54a38d95dccec025bcea9693f699c47
  Tor: fad2cec0e7ef5f889fecdaf69e5edd6df0438326
  UIView-Shimmer: ff0a32c73d67c7dbdea3d9e530538b10d18aea56
  youtube-ios-player-helper: 0185c57db23c80d63d6ca11251d110abb8a4ca61

PODFILE CHECKSUM: f105a6174109c31e2ad3830a5689e6c5c558bc2a

COCOAPODS: 1.11.3
